
Microsoft Visual Studio Solution File, Format Version 12.00
# Visual Studio 15
VisualStudioVersion = 15.0.26124.0
MinimumVisualStudioVersion = 15.0.26124.0
Project("{2150E333-8FDC-42A3-9474-1A3956D46DE8}") = "tests", "tests", "{6ABAA969-551A-4C2C-86F0-5111728935C3}"
EndProject
Project("{FAE04EC0-301F-11D3-BF4B-00C04F79EFBC}") = "Showplan.Tests", "tests\Showplan.Tests\Showplan.Tests.csproj", "{5469A563-F031-41B4-831F-31A7A4466438}"
EndProject
Project("{2150E333-8FDC-42A3-9474-1A3956D46DE8}") = "src", "src", "{FEB59E46-181F-476B-9CF8-8F0F8F661562}"
EndProject
Project("{FAE04EC0-301F-11D3-BF4B-00C04F79EFBC}") = "Showplan", "src\Showplan\Showplan.csproj", "{7656EED3-6E65-4D27-A7C5-4046477238B8}"
EndProject
Project("{FAE04EC0-301F-11D3-BF4B-00C04F79EFBC}") = "ShowPlan.EntityFrameworkCore.Interceptor", "src\ShowPlan.EntityFrameworkCore.Interceptor\ShowPlan.EntityFrameworkCore.Interceptor.csproj", "{965187AC-64D9-455F-82BF-8495965E6463}"
EndProject
Project("{FAE04EC0-301F-11D3-BF4B-00C04F79EFBC}") = "Showplan.Shouldly", "src\Showplan.Shouldly\Showplan.Shouldly.csproj", "{46628F74-09C6-4300-B706-737AE5446C33}"
EndProject
Project("{FAE04EC0-301F-11D3-BF4B-00C04F79EFBC}") = "ShowPlan.EntityFrameworkCore7.Interceptor", "src\ShowPlan.EntityFrameworkCore7.Interceptor\ShowPlan.EntityFrameworkCore7.Interceptor.csproj", "{EE0DD078-7CE8-494A-A0FB-5040073A2CB9}"
EndProject
Project("{FAE04EC0-301F-11D3-BF4B-00C04F79EFBC}") = "Showplan.Tests.Interceptor7", "tests\Showplan.Tests.Interceptor7\Showplan.Tests.Interceptor7.csproj", "{8C4A339A-B08E-4F32-BFC2-0C55E67AC0BE}"
EndProject
Project("{FAE04EC0-301F-11D3-BF4B-00C04F79EFBC}") = "WebApiTest", "tests\WebApiTest\WebApiTest.csproj", "{39AA9B47-E5CC-4D75-9581-7AB2AB7335B0}"
EndProject
Global
	GlobalSection(SolutionConfigurationPlatforms) = preSolution
		Debug|Any CPU = Debug|Any CPU
		Debug|x64 = Debug|x64
		Debug|x86 = Debug|x86
		Release|Any CPU = Release|Any CPU
		Release|x64 = Release|x64
		Release|x86 = Release|x86
	EndGlobalSection
	GlobalSection(SolutionProperties) = preSolution
		HideSolutionNode = FALSE
	EndGlobalSection
	GlobalSection(ProjectConfigurationPlatforms) = postSolution
		{5469A563-F031-41B4-831F-31A7A4466438}.Debug|Any CPU.ActiveCfg = Debug|Any CPU
		{5469A563-F031-41B4-831F-31A7A4466438}.Debug|Any CPU.Build.0 = Debug|Any CPU
		{5469A563-F031-41B4-831F-31A7A4466438}.Debug|x64.ActiveCfg = Debug|Any CPU
		{5469A563-F031-41B4-831F-31A7A4466438}.Debug|x64.Build.0 = Debug|Any CPU
		{5469A563-F031-41B4-831F-31A7A4466438}.Debug|x86.ActiveCfg = Debug|Any CPU
		{5469A563-F031-41B4-831F-31A7A4466438}.Debug|x86.Build.0 = Debug|Any CPU
		{5469A563-F031-41B4-831F-31A7A4466438}.Release|Any CPU.ActiveCfg = Release|Any CPU
		{5469A563-F031-41B4-831F-31A7A4466438}.Release|Any CPU.Build.0 = Release|Any CPU
		{5469A563-F031-41B4-831F-31A7A4466438}.Release|x64.ActiveCfg = Release|Any CPU
		{5469A563-F031-41B4-831F-31A7A4466438}.Release|x64.Build.0 = Release|Any CPU
		{5469A563-F031-41B4-831F-31A7A4466438}.Release|x86.ActiveCfg = Release|Any CPU
		{5469A563-F031-41B4-831F-31A7A4466438}.Release|x86.Build.0 = Release|Any CPU
		{7656EED3-6E65-4D27-A7C5-4046477238B8}.Debug|Any CPU.ActiveCfg = Debug|Any CPU
		{7656EED3-6E65-4D27-A7C5-4046477238B8}.Debug|Any CPU.Build.0 = Debug|Any CPU
		{7656EED3-6E65-4D27-A7C5-4046477238B8}.Debug|x64.ActiveCfg = Debug|Any CPU
		{7656EED3-6E65-4D27-A7C5-4046477238B8}.Debug|x64.Build.0 = Debug|Any CPU
		{7656EED3-6E65-4D27-A7C5-4046477238B8}.Debug|x86.ActiveCfg = Debug|Any CPU
		{7656EED3-6E65-4D27-A7C5-4046477238B8}.Debug|x86.Build.0 = Debug|Any CPU
		{7656EED3-6E65-4D27-A7C5-4046477238B8}.Release|Any CPU.ActiveCfg = Release|Any CPU
		{7656EED3-6E65-4D27-A7C5-4046477238B8}.Release|Any CPU.Build.0 = Release|Any CPU
		{7656EED3-6E65-4D27-A7C5-4046477238B8}.Release|x64.ActiveCfg = Release|Any CPU
		{7656EED3-6E65-4D27-A7C5-4046477238B8}.Release|x64.Build.0 = Release|Any CPU
		{7656EED3-6E65-4D27-A7C5-4046477238B8}.Release|x86.ActiveCfg = Release|Any CPU
		{7656EED3-6E65-4D27-A7C5-4046477238B8}.Release|x86.Build.0 = Release|Any CPU
		{965187AC-64D9-455F-82BF-8495965E6463}.Debug|Any CPU.ActiveCfg = Debug|Any CPU
		{965187AC-64D9-455F-82BF-8495965E6463}.Debug|Any CPU.Build.0 = Debug|Any CPU
		{965187AC-64D9-455F-82BF-8495965E6463}.Debug|x64.ActiveCfg = Debug|Any CPU
		{965187AC-64D9-455F-82BF-8495965E6463}.Debug|x64.Build.0 = Debug|Any CPU
		{965187AC-64D9-455F-82BF-8495965E6463}.Debug|x86.ActiveCfg = Debug|Any CPU
		{965187AC-64D9-455F-82BF-8495965E6463}.Debug|x86.Build.0 = Debug|Any CPU
		{965187AC-64D9-455F-82BF-8495965E6463}.Release|Any CPU.ActiveCfg = Release|Any CPU
		{965187AC-64D9-455F-82BF-8495965E6463}.Release|Any CPU.Build.0 = Release|Any CPU
		{965187AC-64D9-455F-82BF-8495965E6463}.Release|x64.ActiveCfg = Release|Any CPU
		{965187AC-64D9-455F-82BF-8495965E6463}.Release|x64.Build.0 = Release|Any CPU
		{965187AC-64D9-455F-82BF-8495965E6463}.Release|x86.ActiveCfg = Release|Any CPU
		{965187AC-64D9-455F-82BF-8495965E6463}.Release|x86.Build.0 = Release|Any CPU
		{46628F74-09C6-4300-B706-737AE5446C33}.Debug|Any CPU.ActiveCfg = Debug|Any CPU
		{46628F74-09C6-4300-B706-737AE5446C33}.Debug|Any CPU.Build.0 = Debug|Any CPU
		{46628F74-09C6-4300-B706-737AE5446C33}.Debug|x64.ActiveCfg = Debug|Any CPU
		{46628F74-09C6-4300-B706-737AE5446C33}.Debug|x64.Build.0 = Debug|Any CPU
		{46628F74-09C6-4300-B706-737AE5446C33}.Debug|x86.ActiveCfg = Debug|Any CPU
		{46628F74-09C6-4300-B706-737AE5446C33}.Debug|x86.Build.0 = Debug|Any CPU
		{46628F74-09C6-4300-B706-737AE5446C33}.Release|Any CPU.ActiveCfg = Release|Any CPU
		{46628F74-09C6-4300-B706-737AE5446C33}.Release|Any CPU.Build.0 = Release|Any CPU
		{46628F74-09C6-4300-B706-737AE5446C33}.Release|x64.ActiveCfg = Release|Any CPU
		{46628F74-09C6-4300-B706-737AE5446C33}.Release|x64.Build.0 = Release|Any CPU
		{46628F74-09C6-4300-B706-737AE5446C33}.Release|x86.ActiveCfg = Release|Any CPU
		{46628F74-09C6-4300-B706-737AE5446C33}.Release|x86.Build.0 = Release|Any CPU
		{EE0DD078-7CE8-494A-A0FB-5040073A2CB9}.Debug|Any CPU.ActiveCfg = Debug|Any CPU
		{EE0DD078-7CE8-494A-A0FB-5040073A2CB9}.Debug|Any CPU.Build.0 = Debug|Any CPU
		{EE0DD078-7CE8-494A-A0FB-5040073A2CB9}.Debug|x64.ActiveCfg = Debug|Any CPU
		{EE0DD078-7CE8-494A-A0FB-5040073A2CB9}.Debug|x64.Build.0 = Debug|Any CPU
		{EE0DD078-7CE8-494A-A0FB-5040073A2CB9}.Debug|x86.ActiveCfg = Debug|Any CPU
		{EE0DD078-7CE8-494A-A0FB-5040073A2CB9}.Debug|x86.Build.0 = Debug|Any CPU
		{EE0DD078-7CE8-494A-A0FB-5040073A2CB9}.Release|Any CPU.ActiveCfg = Release|Any CPU
		{EE0DD078-7CE8-494A-A0FB-5040073A2CB9}.Release|Any CPU.Build.0 = Release|Any CPU
		{EE0DD078-7CE8-494A-A0FB-5040073A2CB9}.Release|x64.ActiveCfg = Release|Any CPU
		{EE0DD078-7CE8-494A-A0FB-5040073A2CB9}.Release|x64.Build.0 = Release|Any CPU
		{EE0DD078-7CE8-494A-A0FB-5040073A2CB9}.Release|x86.ActiveCfg = Release|Any CPU
		{EE0DD078-7CE8-494A-A0FB-5040073A2CB9}.Release|x86.Build.0 = Release|Any CPU
		{8C4A339A-B08E-4F32-BFC2-0C55E67AC0BE}.Debug|Any CPU.ActiveCfg = Debug|Any CPU
		{8C4A339A-B08E-4F32-BFC2-0C55E67AC0BE}.Debug|Any CPU.Build.0 = Debug|Any CPU
		{8C4A339A-B08E-4F32-BFC2-0C55E67AC0BE}.Debug|x64.ActiveCfg = Debug|Any CPU
		{8C4A339A-B08E-4F32-BFC2-0C55E67AC0BE}.Debug|x64.Build.0 = Debug|Any CPU
		{8C4A339A-B08E-4F32-BFC2-0C55E67AC0BE}.Debug|x86.ActiveCfg = Debug|Any CPU
		{8C4A339A-B08E-4F32-BFC2-0C55E67AC0BE}.Debug|x86.Build.0 = Debug|Any CPU
		{8C4A339A-B08E-4F32-BFC2-0C55E67AC0BE}.Release|Any CPU.ActiveCfg = Release|Any CPU
		{8C4A339A-B08E-4F32-BFC2-0C55E67AC0BE}.Release|Any CPU.Build.0 = Release|Any CPU
		{8C4A339A-B08E-4F32-BFC2-0C55E67AC0BE}.Release|x64.ActiveCfg = Release|Any CPU
		{8C4A339A-B08E-4F32-BFC2-0C55E67AC0BE}.Release|x64.Build.0 = Release|Any CPU
		{8C4A339A-B08E-4F32-BFC2-0C55E67AC0BE}.Release|x86.ActiveCfg = Release|Any CPU
		{8C4A339A-B08E-4F32-BFC2-0C55E67AC0BE}.Release|x86.Build.0 = Release|Any CPU
		{39AA9B47-E5CC-4D75-9581-7AB2AB7335B0}.Debug|Any CPU.ActiveCfg = Debug|Any CPU
		{39AA9B47-E5CC-4D75-9581-7AB2AB7335B0}.Debug|Any CPU.Build.0 = Debug|Any CPU
		{39AA9B47-E5CC-4D75-9581-7AB2AB7335B0}.Debug|x64.ActiveCfg = Debug|Any CPU
		{39AA9B47-E5CC-4D75-9581-7AB2AB7335B0}.Debug|x64.Build.0 = Debug|Any CPU
		{39AA9B47-E5CC-4D75-9581-7AB2AB7335B0}.Debug|x86.ActiveCfg = Debug|Any CPU
		{39AA9B47-E5CC-4D75-9581-7AB2AB7335B0}.Debug|x86.Build.0 = Debug|Any CPU
		{39AA9B47-E5CC-4D75-9581-7AB2AB7335B0}.Release|Any CPU.ActiveCfg = Release|Any CPU
		{39AA9B47-E5CC-4D75-9581-7AB2AB7335B0}.Release|Any CPU.Build.0 = Release|Any CPU
		{39AA9B47-E5CC-4D75-9581-7AB2AB7335B0}.Release|x64.ActiveCfg = Release|Any CPU
		{39AA9B47-E5CC-4D75-9581-7AB2AB7335B0}.Release|x64.Build.0 = Release|Any CPU
		{39AA9B47-E5CC-4D75-9581-7AB2AB7335B0}.Release|x86.ActiveCfg = Release|Any CPU
		{39AA9B47-E5CC-4D75-9581-7AB2AB7335B0}.Release|x86.Build.0 = Release|Any CPU
	EndGlobalSection
	GlobalSection(NestedProjects) = preSolution
		{5469A563-F031-41B4-831F-31A7A4466438} = {6ABAA969-551A-4C2C-86F0-5111728935C3}
		{7656EED3-6E65-4D27-A7C5-4046477238B8} = {FEB59E46-181F-476B-9CF8-8F0F8F661562}
		{965187AC-64D9-455F-82BF-8495965E6463} = {FEB59E46-181F-476B-9CF8-8F0F8F661562}
		{46628F74-09C6-4300-B706-737AE5446C33} = {FEB59E46-181F-476B-9CF8-8F0F8F661562}
		{EE0DD078-7CE8-494A-A0FB-5040073A2CB9} = {FEB59E46-181F-476B-9CF8-8F0F8F661562}
		{8C4A339A-B08E-4F32-BFC2-0C55E67AC0BE} = {6ABAA969-551A-4C2C-86F0-5111728935C3}
		{39AA9B47-E5CC-4D75-9581-7AB2AB7335B0} = {6ABAA969-551A-4C2C-86F0-5111728935C3}
	EndGlobalSection
EndGlobal
